
Microsoft Visual Studio Solution File, Format Version 12.00
# Visual Studio 2017
Project("{FAE04EC0-301F-11D3-BF4B-00C04F79EFBC}") = "Glistening_Solider", "Glistening_Solider.csproj", "{5C2CAB18-3076-531B-8B61-B87C8A7F1476}"
EndProject
Project("{FAE04EC0-301F-11D3-BF4B-00C04F79EFBC}") = "Glistening_Solider.Editor", "Glistening_Solider.Editor.csproj", "{8F7C2BBE-00C7-490E-4EB4-E95FA9DB9BB5}"
EndProject
Global
	GlobalSection(SolutionConfigurationPlatforms) = preSolution
		Debug|Any CPU = Debug|Any CPU
		Release|Any CPU = Release|Any CPU
	EndGlobalSection
	GlobalSection(ProjectConfigurationPlatforms) = postSolution
		{5C2CAB18-3076-531B-8B61-B87C8A7F1476}.Debug|Any CPU.ActiveCfg = Debug|Any CPU
		{5C2CAB18-3076-531B-8B61-B87C8A7F1476}.Debug|Any CPU.Build.0 = Debug|Any CPU
		{5C2CAB18-3076-531B-8B61-B87C8A7F1476}.Release|Any CPU.ActiveCfg = Release|Any CPU
		{5C2CAB18-3076-531B-8B61-B87C8A7F1476}.Release|Any CPU.Build.0 = Release|Any CPU
		{8F7C2BBE-00C7-490E-4EB4-E95FA9DB9BB5}.Debug|Any CPU.ActiveCfg = Debug|Any CPU
		{8F7C2BBE-00C7-490E-4EB4-E95FA9DB9BB5}.Debug|Any CPU.Build.0 = Debug|Any CPU
		{8F7C2BBE-00C7-490E-4EB4-E95FA9DB9BB5}.Release|Any CPU.ActiveCfg = Release|Any CPU
		{8F7C2BBE-00C7-490E-4EB4-E95FA9DB9BB5}.Release|Any CPU.Build.0 = Release|Any CPU
	EndGlobalSection
	GlobalSection(SolutionProperties) = preSolution
		HideSolutionNode = FALSE
	EndGlobalSection
EndGlobal
